
Microsoft Visual Studio Solution File, Format Version 12.00
# Visual Studio Version 17
VisualStudioVersion = 17.11.35222.181
MinimumVisualStudioVersion = 10.0.40219.1
Project("{FAE04EC0-301F-11D3-BF4B-00C04F79EFBC}") = "Forum", "Forum\Forum.csproj", "{B206D34A-15D9-46B3-8F82-F933D7866C9F}"
EndProject
Global
	GlobalSection(SolutionConfigurationPlatforms) = preSolution
		Debug|Any CPU = Debug|Any CPU
		Release|Any CPU = Release|Any CPU
	EndGlobalSection
	GlobalSection(ProjectConfigurationPlatforms) = postSolution
		{B206D34A-15D9-46B3-8F82-F933D7866C9F}.Debug|Any CPU.ActiveCfg = Debug|Any CPU
		{B206D34A-15D9-46B3-8F82-F933D7866C9F}.Debug|Any CPU.Build.0 = Debug|Any CPU
		{B206D34A-15D9-46B3-8F82-F933D7866C9F}.Release|Any CPU.ActiveCfg = Release|Any CPU
		{B206D34A-15D9-46B3-8F82-F933D7866C9F}.Release|Any CPU.Build.0 = Release|Any CPU
	EndGlobalSection
	GlobalSection(SolutionProperties) = preSolution
		HideSolutionNode = FALSE
	EndGlobalSection
	GlobalSection(ExtensibilityGlobals) = postSolution
		SolutionGuid = {DD1D8461-5A90-43AF-9B15-0A36F3F1F652}
	EndGlobalSection
EndGlobal
